// !$*UTF8*$!
{
	archiveVersion = 1;
	classes = {
	};
	objectVersion = 48;
	objects = {

/* Begin PBXBuildFile section */
		2C2BD6C54347D4EAB77E328D /* libPods-WYTinderSwipeViewDemo.a in Frameworks */ = {isa = PBXBuildFile; fileRef = 3896A42B8F2722CCD2D11724 /* libPods-WYTinderSwipeViewDemo.a */; };
		93A096111FCBB62E00B2DAA7 /* AppDelegate.m in Sources */ = {isa = PBXBuildFile; fileRef = 93A096101FCBB62E00B2DAA7 /* AppDelegate.m */; };
		93A096141FCBB62E00B2DAA7 /* ViewController.m in Sources */ = {isa = PBXBuildFile; fileRef = 93A096131FCBB62E00B2DAA7 /* ViewController.m */; };
		93A096171FCBB62E00B2DAA7 /* Main.storyboard in Resources */ = {isa = PBXBuildFile; fileRef = 93A096151FCBB62E00B2DAA7 /* Main.storyboard */; };
		93A096191FCBB62E00B2DAA7 /* Assets.xcassets in Resources */ = {isa = PBXBuildFile; fileRef = 93A096181FCBB62E00B2DAA7 /* Assets.xcassets */; };
		93A0961C1FCBB62E00B2DAA7 /* LaunchScreen.storyboard in Resources */ = {isa = PBXBuildFile; fileRef = 93A0961A1FCBB62E00B2DAA7 /* LaunchScreen.storyboard */; };
		93A0961F1FCBB62E00B2DAA7 /* main.m in Sources */ = {isa = PBXBuildFile; fileRef = 93A0961E1FCBB62E00B2DAA7 /* main.m */; };
/* End PBXBuildFile section */

/* Begin PBXFileReference section */
		3896A42B8F2722CCD2D11724 /* libPods-WYTinderSwipeViewDemo.a */ = {isa = PBXFileReference; explicitFileType = archive.ar; includeInIndex = 0; path = "libPods-WYTinderSwipeViewDemo.a"; sourceTree = BUILT_PRODUCTS_DIR; };
		93A0960C1FCBB62D00B2DAA7 /* WYTinderSwipeViewDemo.app */ = {isa = PBXFileReference; explicitFileType = wrapper.application; includeInIndex = 0; path = WYTinderSwipeViewDemo.app; sourceTree = BUILT_PRODUCTS_DIR; };
		93A0960F1FCBB62D00B2DAA7 /* AppDelegate.h */ = {isa = PBXFileReference; lastKnownFileType = sourcecode.c.h; path = AppDelegate.h; sourceTree = "<group>"; };
		93A096101FCBB62E00B2DAA7 /* AppDelegate.m */ = {isa = PBXFileReference; lastKnownFileType = sourcecode.c.objc; path = AppDelegate.m; sourceTree = "<group>"; };
		93A096121FCBB62E00B2DAA7 /* ViewController.h */ = {isa = PBXFileReference; lastKnownFileType = sourcecode.c.h; path = ViewController.h; sourceTree = "<group>"; };
		93A096131FCBB62E00B2DAA7 /* ViewController.m */ = {isa = PBXFileReference; lastKnownFileType = sourcecode.c.objc; path = ViewController.m; sourceTree = "<group>"; };
		93A096161FCBB62E00B2DAA7 /* Base */ = {isa = PBXFileReference; lastKnownFileType = file.storyboard; name = Base; path = Base.lproj/Main.storyboard; sourceTree = "<group>"; };
		93A096181FCBB62E00B2DAA7 /* Assets.xcassets */ = {isa = PBXFileReference; lastKnownFileType = folder.assetcatalog; path = Assets.xcassets; sourceTree = "<group>"; };
		93A0961B1FCBB62E00B2DAA7 /* Base */ = {isa = PBXFileReference; lastKnownFileType = file.storyboard; name = Base; path = Base.lproj/LaunchScreen.storyboard; sourceTree = "<group>"; };
		93A0961D1FCBB62E00B2DAA7 /* Info.plist */ = {isa = PBXFileReference; lastKnownFileType = text.plist.xml; path = Info.plist; sourceTree = "<group>"; };
		93A0961E1FCBB62E00B2DAA7 /* main.m */ = {isa = PBXFileReference; lastKnownFileType = sourcecode.c.objc; path = main.m; sourceTree = "<group>"; };
		E1D68EDDE653945E44DEC087 /* Pods-WYTinderSwipeViewDemo.release.xcconfig */ = {isa = PBXFileReference; includeInIndex = 1; lastKnownFileType = text.xcconfig; name = "Pods-WYTinderSwipeViewDemo.release.xcconfig"; path = "Pods/Target Support Files/Pods-WYTinderSwipeViewDemo/Pods-WYTinderSwipeViewDemo.release.xcconfig"; sourceTree = "<group>"; };
		F6A7EC3FE5E2429D04CFB4A4 /* Pods-WYTinderSwipeViewDemo.debug.xcconfig */ = {isa = PBXFileReference; includeInIndex = 1; lastKnownFileType = text.xcconfig; name = "Pods-WYTinderSwipeViewDemo.debug.xcconfig"; path = "Pods/Target Support Files/Pods-WYTinderSwipeViewDemo/Pods-WYTinderSwipeViewDemo.debug.xcconfig"; sourceTree = "<group>"; };
/* End PBXFileReference section */

/* Begin PBXFrameworksBuildPhase section */
		93A096091FCBB62D00B2DAA7 /* Frameworks */ = {
			isa = PBXFrameworksBuildPhase;
			buildActionMask = 2147483647;
			files = (
				2C2BD6C54347D4EAB77E328D /* libPods-WYTinderSwipeViewDemo.a in Frameworks */,
			);
			runOnlyForDeploymentPostprocessing = 0;
		};
/* End PBXFrameworksBuildPhase section */

/* Begin PBXGroup section */
		93A096031FCBB62D00B2DAA7 = {
			isa = PBXGroup;
			children = (
				93A0960E1FCBB62D00B2DAA7 /* WYTinderSwipeViewDemo */,
				93A0960D1FCBB62D00B2DAA7 /* Products */,
				94F0CBAC4053200B11AA77C6 /* Pods */,
				F3D58260DE361B7B28E10779 /* Frameworks */,
			);
			sourceTree = "<group>";
		};
		93A0960D1FCBB62D00B2DAA7 /* Products */ = {
			isa = PBXGroup;
			children = (
				93A0960C1FCBB62D00B2DAA7 /* WYTinderSwipeViewDemo.app */,
			);
			name = Products;
			sourceTree = "<group>";
		};
		93A0960E1FCBB62D00B2DAA7 /* WYTinderSwipeViewDemo */ = {
			isa = PBXGroup;
			children = (
				93A0960F1FCBB62D00B2DAA7 /* AppDelegate.h */,
				93A096101FCBB62E00B2DAA7 /* AppDelegate.m */,
				93A096121FCBB62E00B2DAA7 /* ViewController.h */,
				93A096131FCBB62E00B2DAA7 /* ViewController.m */,
				93A096151FCBB62E00B2DAA7 /* Main.storyboard */,
				93A096181FCBB62E00B2DAA7 /* Assets.xcassets */,
				93A0961A1FCBB62E00B2DAA7 /* LaunchScreen.storyboard */,
				93A0961D1FCBB62E00B2DAA7 /* Info.plist */,
				93A0961E1FCBB62E00B2DAA7 /* main.m */,
			);
			path = WYTinderSwipeViewDemo;
			sourceTree = "<group>";
		};
		94F0CBAC4053200B11AA77C6 /* Pods */ = {
			isa = PBXGroup;
			children = (
				F6A7EC3FE5E2429D04CFB4A4 /* Pods-WYTinderSwipeViewDemo.debug.xcconfig */,
				E1D68EDDE653945E44DEC087 /* Pods-WYTinderSwipeViewDemo.release.xcconfig */,
			);
			name = Pods;
			sourceTree = "<group>";
		};
		F3D58260DE361B7B28E10779 /* Frameworks */ = {
			isa = PBXGroup;
			children = (
				3896A42B8F2722CCD2D11724 /* libPods-WYTinderSwipeViewDemo.a */,
			);
			name = Frameworks;
			sourceTree = "<group>";
		};
/* End PBXGroup section */

/* Begin PBXNativeTarget section */
		93A0960B1FCBB62D00B2DAA7 /* WYTinderSwipeViewDemo */ = {
			isa = PBXNativeTarget;
			buildConfigurationList = 93A096221FCBB62E00B2DAA7 /* Build configuration list for PBXNativeTarget "WYTinderSwipeViewDemo" */;
			buildPhases = (
				13FA318F22F6B87A81AADC28 /* [CP] Check Pods Manifest.lock */,
				93A096081FCBB62D00B2DAA7 /* Sources */,
				93A096091FCBB62D00B2DAA7 /* Frameworks */,
				93A0960A1FCBB62D00B2DAA7 /* Resources */,
				1D4D7C21053A7BC4D2C78C70 /* [CP] Embed Pods Frameworks */,
				6E919432DA4BDA595B3D0A1A /* [CP] Copy Pods Resources */,
			);
			buildRules = (
			);
			dependencies = (
			);
			name = WYTinderSwipeViewDemo;
			productName = WYTinderSwipeViewDemo;
			productReference = 93A0960C1FCBB62D00B2DAA7 /* WYTinderSwipeViewDemo.app */;
			productType = "com.apple.product-type.application";
		};
/* End PBXNativeTarget section */

/* Begin PBXProject section */
		93A096041FCBB62D00B2DAA7 /* Project object */ = {
			isa = PBXProject;
			attributes = {
				LastUpgradeCheck = 0920;
				ORGANIZATIONNAME = "wyan assert";
				TargetAttributes = {
					93A0960B1FCBB62D00B2DAA7 = {
						CreatedOnToolsVersion = 9.2;
						ProvisioningStyle = Automatic;
					};
				};
			};
			buildConfigurationList = 93A096071FCBB62D00B2DAA7 /* Build configuration list for PBXProject "WYTinderSwipeViewDemo" */;
			compatibilityVersion = "Xcode 8.0";
			developmentRegion = en;
			hasScannedForEncodings = 0;
			knownRegions = (
				en,
				Base,
			);
			mainGroup = 93A096031FCBB62D00B2DAA7;
			productRefGroup = 93A0960D1FCBB62D00B2DAA7 /* Products */;
			projectDirPath = "";
			projectRoot = "";
			targets = (
				93A0960B1FCBB62D00B2DAA7 /* WYTinderSwipeViewDemo */,
			);
		};
/* End PBXProject section */

/* Begin PBXResourcesBuildPhase section */
		93A0960A1FCBB62D00B2DAA7 /* Resources */ = {
			isa = PBXResourcesBuildPhase;
			buildActionMask = 2147483647;
			files = (
				93A0961C1FCBB62E00B2DAA7 /* LaunchScreen.storyboard in Resources */,
				93A096191FCBB62E00B2DAA7 /* Assets.xcassets in Resources */,
				93A096171FCBB62E00B2DAA7 /* Main.storyboard in Resources */,
			);
			runOnlyForDeploymentPostprocessing = 0;
		};
/* End PBXResourcesBuildPhase section */

/* Begin PBXShellScriptBuildPhase section */
		13FA318F22F6B87A81AADC28 /* [CP] Check Pods Manifest.lock */ = {
			isa = PBXShellScriptBuildPhase;
			buildActionMask = 2147483647;
			files = (
			);
			inputPaths = (
				"${PODS_PODFILE_DIR_PATH}/Podfile.lock",
				"${PODS_ROOT}/Manifest.lock",
			);
			name = "[CP] Check Pods Manifest.lock";
			outputPaths = (
				"$(DERIVED_FILE_DIR)/Pods-WYTinderSwipeViewDemo-checkManifestLockResult.txt",
			);
			runOnlyForDeploymentPostprocessing = 0;
			shellPath = /bin/sh;
			shellScript = "diff \"${PODS_PODFILE_DIR_PATH}/Podfile.lock\" \"${PODS_ROOT}/Manifest.lock\" > /dev/null\nif [ $? != 0 ] ; then\n    # print error to STDERR\n    echo \"error: The sandbox is not in sync with the Podfile.lock. Run 'pod install' or update your CocoaPods installation.\" >&2\n    exit 1\nfi\n# This output is used by Xcode 'outputs' to avoid re-running this script phase.\necho \"SUCCESS\" > \"${SCRIPT_OUTPUT_FILE_0}\"\n";
			showEnvVarsInLog = 0;
		};
		1D4D7C21053A7BC4D2C78C70 /* [CP] Embed Pods Frameworks */ = {
			isa = PBXShellScriptBuildPhase;
			buildActionMask = 2147483647;
			files = (
			);
			inputPaths = (
			);
			name = "[CP] Embed Pods Frameworks";
			outputPaths = (
			);
			runOnlyForDeploymentPostprocessing = 0;
			shellPath = /bin/sh;
			shellScript = "\"${SRCROOT}/Pods/Target Support Files/Pods-WYTinderSwipeViewDemo/Pods-WYTinderSwipeViewDemo-frameworks.sh\"\n";
			showEnvVarsInLog = 0;
		};
		6E919432DA4BDA595B3D0A1A /* [CP] Copy Pods Resources */ = {
			isa = PBXShellScriptBuildPhase;
			buildActionMask = 2147483647;
			files = (
			);
			inputPaths = (
			);
			name = "[CP] Copy Pods Resources";
			outputPaths = (
			);
			runOnlyForDeploymentPostprocessing = 0;
			shellPath = /bin/sh;
			shellScript = "\"${SRCROOT}/Pods/Target Support Files/Pods-WYTinderSwipeViewDemo/Pods-WYTinderSwipeViewDemo-resources.sh\"\n";
			showEnvVarsInLog = 0;
		};
/* End PBXShellScriptBuildPhase section */

/* Begin PBXSourcesBuildPhase section */
		93A096081FCBB62D00B2DAA7 /* Sources */ = {
			isa = PBXSourcesBuildPhase;
			buildActionMask = 2147483647;
			files = (
				93A096141FCBB62E00B2DAA7 /* ViewController.m in Sources */,
				93A0961F1FCBB62E00B2DAA7 /* main.m in Sources */,
				93A096111FCBB62E00B2DAA7 /* AppDelegate.m in Sources */,
			);
			runOnlyForDeploymentPostprocessing = 0;
		};
/* End PBXSourcesBuildPhase section */

/* Begin PBXVariantGroup section */
		93A096151FCBB62E00B2DAA7 /* Main.storyboard */ = {
			isa = PBXVariantGroup;
			children = (
				93A096161FCBB62E00B2DAA7 /* Base */,
			);
			name = Main.storyboard;
			sourceTree = "<group>";
		};
		93A0961A1FCBB62E00B2DAA7 /* LaunchScreen.storyboard */ = {
			isa = PBXVariantGroup;
			children = (
				93A0961B1FCBB62E00B2DAA7 /* Base */,
			);
			name = LaunchScreen.storyboard;
			sourceTree = "<group>";
		};
/* End PBXVariantGroup section */

/* Begin XCBuildConfiguration section */
		93A096201FCBB62E00B2DAA7 /* Debug */ = {
			isa = XCBuildConfiguration;
			buildSettings = {
				ALWAYS_SEARCH_USER_PATHS = NO;
				CLANG_ANALYZER_NONNULL = YES;
				CLANG_ANALYZER_NUMBER_OBJECT_CONVERSION = YES_AGGRESSIVE;
				CLANG_CXX_LANGUAGE_STANDARD = "gnu++14";
				CLANG_CXX_LIBRARY = "libc++";
				CLANG_ENABLE_MODULES = YES;
				CLANG_ENABLE_OBJC_ARC = YES;
				CLANG_WARN_BLOCK_CAPTURE_AUTORELEASING = YES;
				CLANG_WARN_BOOL_CONVERSION = YES;
				CLANG_WARN_COMMA = YES;
				CLANG_WARN_CONSTANT_CONVERSION = YES;
				CLANG_WARN_DIRECT_OBJC_ISA_USAGE = YES_ERROR;
				CLANG_WARN_DOCUMENTATION_COMMENTS = YES;
				CLANG_WARN_EMPTY_BODY = YES;
				CLANG_WARN_ENUM_CONVERSION = YES;
				CLANG_WARN_INFINITE_RECURSION = YES;
				CLANG_WARN_INT_CONVERSION = YES;
				CLANG_WARN_NON_LITERAL_NULL_CONVERSION = YES;
				CLANG_WARN_OBJC_LITERAL_CONVERSION = YES;
				CLANG_WARN_OBJC_ROOT_CLASS = YES_ERROR;
				CLANG_WARN_RANGE_LOOP_ANALYSIS = YES;
				CLANG_WARN_STRICT_PROTOTYPES = YES;
				CLANG_WARN_SUSPICIOUS_MOVE = YES;
				CLANG_WARN_UNGUARDED_AVAILABILITY = YES_AGGRESSIVE;
				CLANG_WARN_UNREACHABLE_CODE = YES;
				CLANG_WARN__DUPLICATE_METHOD_MATCH = YES;
				CODE_SIGN_IDENTITY = "iPhone Developer";
				COPY_PHASE_STRIP = NO;
				DEBUG_INFORMATION_FORMAT = dwarf;
				ENABLE_STRICT_OBJC_MSGSEND = YES;
				ENABLE_TESTABILITY = YES;
				GCC_C_LANGUAGE_STANDARD = gnu11;
				GCC_DYNAMIC_NO_PIC = NO;
				GCC_NO_COMMON_BLOCKS = YES;
				GCC_OPTIMIZATION_LEVEL = 0;
				GCC_PREPROCESSOR_DEFINITIONS = (
					"DEBUG=1",
					"$(inherited)",
				);
				GCC_WARN_64_TO_32_BIT_CONVERSION = YES;
				GCC_WARN_ABOUT_RETURN_TYPE = YES_ERROR;
				GCC_WARN_UNDECLARED_SELECTOR = YES;
				GCC_WARN_UNINITIALIZED_AUTOS = YES_AGGRESSIVE;
				GCC_WARN_UNUSED_FUNCTION = YES;
				GCC_WARN_UNUSED_VARIABLE = YES;
				IPHONEOS_DEPLOYMENT_TARGET = 9.0;
				MTL_ENABLE_DEBUG_INFO = YES;
				ONLY_ACTIVE_ARCH = YES;
				SDKROOT = iphoneos;
			};
			name = Debug;
		};
		93A096211FCBB62E00B2DAA7 /* Release */ = {
			isa = XCBuildConfiguration;
			buildSettings = {
				ALWAYS_SEARCH_USER_PATHS = NO;
				CLANG_ANALYZER_NONNULL = YES;
				CLANG_ANALYZER_NUMBER_OBJECT_CONVERSION = YES_AGGRESSIVE;
				CLANG_CXX_LANGUAGE_STANDARD = "gnu++14";
				CLANG_CXX_LIBRARY = "libc++";
				CLANG_ENABLE_MODULES = YES;
				CLANG_ENABLE_OBJC_ARC = YES;
				CLANG_WARN_BLOCK_CAPTURE_AUTORELEASING = YES;
				CLANG_WARN_BOOL_CONVERSION = YES;
				CLANG_WARN_COMMA = YES;
				CLANG_WARN_CONSTANT_CONVERSION = YES;
				CLANG_WARN_DIRECT_OBJC_ISA_USAGE = YES_ERROR;
				CLANG_WARN_DOCUMENTATION_COMMENTS = YES;
				CLANG_WARN_EMPTY_BODY = YES;
				CLANG_WARN_ENUM_CONVERSION = YES;
				CLANG_WARN_INFINITE_RECURSION = YES;
				CLANG_WARN_INT_CONVERSION = YES;
				CLANG_WARN_NON_LITERAL_NULL_CONVERSION = YES;
				CLANG_WARN_OBJC_LITERAL_CONVERSION = YES;
				CLANG_WARN_OBJC_ROOT_CLASS = YES_ERROR;
				CLANG_WARN_RANGE_LOOP_ANALYSIS = YES;
				CLANG_WARN_STRICT_PROTOTYPES = YES;
				CLANG_WARN_SUSPICIOUS_MOVE = YES;
				CLANG_WARN_UNGUARDED_AVAILABILITY = YES_AGGRESSIVE;
				CLANG_WARN_UNREACHABLE_CODE = YES;
				CLANG_WARN__DUPLICATE_METHOD_MATCH = YES;
				CODE_SIGN_IDENTITY = "iPhone Developer";
				COPY_PHASE_STRIP = NO;
				DEBUG_INFORMATION_FORMAT = "dwarf-with-dsym";
				ENABLE_NS_ASSERTIONS = NO;
				ENABLE_STRICT_OBJC_MSGSEND = YES;
				GCC_C_LANGUAGE_STANDARD = gnu11;
				GCC_NO_COMMON_BLOCKS = YES;
				GCC_WARN_64_TO_32_BIT_CONVERSION = YES;
				GCC_WARN_ABOUT_RETURN_TYPE = YES_ERROR;
				GCC_WARN_UNDECLARED_SELECTOR = YES;
				GCC_WARN_UNINITIALIZED_AUTOS = YES_AGGRESSIVE;
				GCC_WARN_UNUSED_FUNCTION = YES;
				GCC_WARN_UNUSED_VARIABLE = YES;
				IPHONEOS_DEPLOYMENT_TARGET = 9.0;
				MTL_ENABLE_DEBUG_INFO = NO;
				SDKROOT = iphoneos;
				VALIDATE_PRODUCT = YES;
			};
			name = Release;
		};
		93A096231FCBB62E00B2DAA7 /* Debug */ = {
			isa = XCBuildConfiguration;
			baseConfigurationReference = F6A7EC3FE5E2429D04CFB4A4 /* Pods-WYTinderSwipeViewDemo.debug.xcconfig */;
			buildSettings = {
				ASSETCATALOG_COMPILER_APPICON_NAME = AppIcon;
				CODE_SIGN_STYLE = Automatic;
				DEVELOPMENT_TEAM = WDSNS842MX;
				INFOPLIST_FILE = WYTinderSwipeViewDemo/Info.plist;
				IPHONEOS_DEPLOYMENT_TARGET = 8.0;
				LD_RUNPATH_SEARCH_PATHS = "$(inherited) @executable_path/Frameworks";
				PRODUCT_BUNDLE_IDENTIFIER = wyanassert.per.tinderSwipe.WYTinderSwipeViewDemo;
				PRODUCT_NAME = "$(TARGET_NAME)";
				TARGETED_DEVICE_FAMILY = "1,2";
			};
			name = Debug;
		};
		93A096241FCBB62E00B2DAA7 /* Release */ = {
			isa = XCBuildConfiguration;
			baseConfigurationReference = E1D68EDDE653945E44DEC087 /* Pods-WYTinderSwipeViewDemo.release.xcconfig */;
			buildSettings = {
				ASSETCATALOG_COMPILER_APPICON_NAME = AppIcon;
				CODE_SIGN_STYLE = Automatic;
				DEVELOPMENT_TEAM = WDSNS842MX;
				INFOPLIST_FILE = WYTinderSwipeViewDemo/Info.plist;
				IPHONEOS_DEPLOYMENT_TARGET = 8.0;
				LD_RUNPATH_SEARCH_PATHS = "$(inherited) @executable_path/Frameworks";
				PRODUCT_BUNDLE_IDENTIFIER = wyanassert.per.tinderSwipe.WYTinderSwipeViewDemo;
				PRODUCT_NAME = "$(TARGET_NAME)";
				TARGETED_DEVICE_FAMILY = "1,2";
			};
			name = Release;
		};
/* End XCBuildConfiguration section */

/* Begin XCConfigurationList section */
		93A096071FCBB62D00B2DAA7 /* Build configuration list for PBXProject "WYTinderSwipeViewDemo" */ = {
			isa = XCConfigurationList;
			buildConfigurations = (
				93A096201FCBB62E00B2DAA7 /* Debug */,
				93A096211FCBB62E00B2DAA7 /* Release */,
			);
			defaultConfigurationIsVisible = 0;
			defaultConfigurationName = Release;
		};
		93A096221FCBB62E00B2DAA7 /* Build configuration list for PBXNativeTarget "WYTinderSwipeViewDemo" */ = {
			isa = XCConfigurationList;
			buildConfigurations = (
				93A096231FCBB62E00B2DAA7 /* Debug */,
				93A096241FCBB62E00B2DAA7 /* Release */,
			);
			defaultConfigurationIsVisible = 0;
			defaultConfigurationName = Release;
		};
/* End XCConfigurationList section */
	};
	rootObject = 93A096041FCBB62D00B2DAA7 /* Project object */;
}
